
Microsoft Visual Studio Solution File, Format Version 12.00
# Visual Studio 2015
Project("{FAE04EC0-301F-11D3-BF4B-00C04F79EFBC}") = "unity-learn-space-shooter-master.CSharp", "unity-learn-space-shooter-master.CSharp.csproj", "{9A09C158-456F-5C02-AAF4-E8A04DA45E3A}"
EndProject
Global
	GlobalSection(SolutionConfigurationPlatforms) = preSolution
		Debug|Any CPU = Debug|Any CPU
		Release|Any CPU = Release|Any CPU
	EndGlobalSection
	GlobalSection(ProjectConfigurationPlatforms) = postSolution
		{9A09C158-456F-5C02-AAF4-E8A04DA45E3A}.Debug|Any CPU.ActiveCfg = Debug|Any CPU
		{9A09C158-456F-5C02-AAF4-E8A04DA45E3A}.Debug|Any CPU.Build.0 = Debug|Any CPU
		{9A09C158-456F-5C02-AAF4-E8A04DA45E3A}.Release|Any CPU.ActiveCfg = Release|Any CPU
		{9A09C158-456F-5C02-AAF4-E8A04DA45E3A}.Release|Any CPU.Build.0 = Release|Any CPU
	EndGlobalSection
	GlobalSection(SolutionProperties) = preSolution
		HideSolutionNode = FALSE
	EndGlobalSection
EndGlobal
